// !$*UTF8*$!
{
	archiveVersion = 1;
	classes = {
	};
	objectVersion = 54;
	objects = {

/* Begin PBXAggregateTarget section */
		98278D2D2E5572A036D08BE4 /* ZERO_CHECK */ = {
			isa = PBXAggregateTarget;
			buildConfigurationList = 083B49E50BFB49C2A20F3150 /* Build configuration list for PBXAggregateTarget "ZERO_CHECK" */;
			buildPhases = (
				3EE3CCE21C99319531230F75 /* Generate CMakeFiles/ZERO_CHECK */,
			);
			dependencies = (
			);
			name = ZERO_CHECK;
			productName = ZERO_CHECK;
		};
		A2EB195A8839307B20C5D5A4 /* ALL_BUILD */ = {
			isa = PBXAggregateTarget;
			buildConfigurationList = 1AC0872C7FED44C2AF7457BF /* Build configuration list for PBXAggregateTarget "ALL_BUILD" */;
			buildPhases = (
				01C75D6855374EF69C64A4CC /* Generate CMakeFiles/ALL_BUILD */,
			);
			dependencies = (
				E3717EA69DB444408B3E972C /* PBXTargetDependency */,
				10B37799A68447F3BF338194 /* PBXTargetDependency */,
			);
			name = ALL_BUILD;
			productName = ALL_BUILD;
		};
/* End PBXAggregateTarget section */

/* Begin PBXBuildFile section */
		184E9B754A574A74A9BFE4E5 /* graphics-pipeline.cpp in Sources */ = {isa = PBXBuildFile; fileRef = 930BB015AA444AC093A3C412 /* graphics-pipeline.cpp */; };
		69ECBBCE82A34623813ECD16 /* bulkin.cpp in Sources */ = {isa = PBXBuildFile; fileRef = FADF244CE041487DBFE24C3A /* bulkin.cpp */; };
		8683E201061E4DADB20C4A7E /* main.cpp in Sources */ = {isa = PBXBuildFile; fileRef = BA9D2249260C4F07BC54F79A /* main.cpp */; };
		9166C0475801400E9B82BA74 /* buffer.cpp in Sources */ = {isa = PBXBuildFile; fileRef = 588444D3FAA54205A88230AF /* buffer.cpp */; };
		9B637444704549F5B65B1B0F /* swapchain.cpp in Sources */ = {isa = PBXBuildFile; fileRef = 9FF6A8D39EA546DD832A8461 /* swapchain.cpp */; };
		C57F98FE57F44063AAA5D5AF /* device.cpp in Sources */ = {isa = PBXBuildFile; fileRef = 96DAC49D7AA34BB4A1B48AE5 /* device.cpp */; };
/* End PBXBuildFile section */

/* Begin PBXContainerItemProxy section */
		7AC663EA8EF7455696A50F36 /* PBXContainerItemProxy */ = {
			isa = PBXContainerItemProxy;
			containerPortal = A699C144BB7F48C299996A6B /* Project object */;
			proxyType = 1;
			remoteGlobalIDString = 98278D2D2E5572A036D08BE4;
			remoteInfo = ZERO_CHECK;
		};
		B20B828A98DB4F838B1095F8 /* PBXContainerItemProxy */ = {
			isa = PBXContainerItemProxy;
			containerPortal = A699C144BB7F48C299996A6B /* Project object */;
			proxyType = 1;
			remoteGlobalIDString = F331DFE182800A842DCD4764;
			remoteInfo = bulkin;
		};
		E9AA38DCD5F54B0BA41BAD0A /* PBXContainerItemProxy */ = {
			isa = PBXContainerItemProxy;
			containerPortal = A699C144BB7F48C299996A6B /* Project object */;
			proxyType = 1;
			remoteGlobalIDString = 98278D2D2E5572A036D08BE4;
			remoteInfo = ZERO_CHECK;
		};
/* End PBXContainerItemProxy section */

/* Begin PBXFileReference section */
		01A9BBB88ABD459091750B95 /* packing.h */ = {isa = PBXFileReference; explicitFileType = sourcecode.c.h; fileEncoding = 4; name = packing.h; path = include/glm/simd/packing.h; sourceTree = SOURCE_ROOT; };
		06BA52253E574491B1FED2A4 /* matrix.h */ = {isa = PBXFileReference; explicitFileType = sourcecode.c.h; fileEncoding = 4; name = matrix.h; path = include/glm/glm/simd/matrix.h; sourceTree = SOURCE_ROOT; };
		18C5D71511D6403BB66A0A51 /* IOKit.framework */ = {isa = PBXFileReference; fileEncoding = 4; lastKnownFileType = wrapper.framework; name = IOKit.framework; path = /Applications/Xcode.app/Contents/Developer/Platforms/MacOSX.platform/Developer/SDKs/MacOSX26.0.sdk/System/Library/Frameworks/IOKit.framework; sourceTree = "<absolute>"; };
		47E2C9B38F944947AA276E8D /* graphics-pipeline.h */ = {isa = PBXFileReference; explicitFileType = sourcecode.c.h; fileEncoding = 4; name = "graphics-pipeline.h"; path = "include/graphics-pipeline.h"; sourceTree = SOURCE_ROOT; };
		4F669CAF1D1A441A96787894 /* queue-family.h */ = {isa = PBXFileReference; explicitFileType = sourcecode.c.h; fileEncoding = 4; name = "queue-family.h"; path = "include/queue-family.h"; sourceTree = SOURCE_ROOT; };
		506B1A5446464FDBBC97FB09 /* bulkin.h */ = {isa = PBXFileReference; explicitFileType = sourcecode.c.h; fileEncoding = 4; name = bulkin.h; path = include/bulkin.h; sourceTree = SOURCE_ROOT; };
		588444D3FAA54205A88230AF /* buffer.cpp */ = {isa = PBXFileReference; explicitFileType = sourcecode.cpp.cpp; fileEncoding = 4; name = buffer.cpp; path = src/buffer.cpp; sourceTree = SOURCE_ROOT; };
		5B43A4E566A34D40B491757F /* geometric.h */ = {isa = PBXFileReference; explicitFileType = sourcecode.c.h; fileEncoding = 4; name = geometric.h; path = include/glm/glm/simd/geometric.h; sourceTree = SOURCE_ROOT; };
		5CF64C92A9CB4A238ECAB73A /* stb_image.h */ = {isa = PBXFileReference; explicitFileType = sourcecode.c.h; fileEncoding = 4; name = stb_image.h; path = include/stb_image.h; sourceTree = SOURCE_ROOT; };
		628DF631187B40049605B7A3 /* exponential.h */ = {isa = PBXFileReference; explicitFileType = sourcecode.c.h; fileEncoding = 4; name = exponential.h; path = include/glm/glm/simd/exponential.h; sourceTree = SOURCE_ROOT; };
		674241A3EFBB494EB85ACC32 /* device.h */ = {isa = PBXFileReference; explicitFileType = sourcecode.c.h; fileEncoding = 4; name = device.h; path = include/device.h; sourceTree = SOURCE_ROOT; };
		68760FD0F20C4848BCCBE6F5 /* packing.h */ = {isa = PBXFileReference; explicitFileType = sourcecode.c.h; fileEncoding = 4; name = packing.h; path = include/glm/glm/simd/packing.h; sourceTree = SOURCE_ROOT; };
		6B66BF35600E43E390541BDE /* matrix.h */ = {isa = PBXFileReference; explicitFileType = sourcecode.c.h; fileEncoding = 4; name = matrix.h; path = include/glm/simd/matrix.h; sourceTree = SOURCE_ROOT; };
		6BAD3BC7D6654745BB75BAE8 /* vector_relational.h */ = {isa = PBXFileReference; explicitFileType = sourcecode.c.h; fileEncoding = 4; name = vector_relational.h; path = include/glm/glm/simd/vector_relational.h; sourceTree = SOURCE_ROOT; };
		6F12B706FE51473483A92CE6 /* trigonometric.h */ = {isa = PBXFileReference; explicitFileType = sourcecode.c.h; fileEncoding = 4; name = trigonometric.h; path = include/glm/simd/trigonometric.h; sourceTree = SOURCE_ROOT; };
		807C76B77B2F4D608BABCE85 /* neon.h */ = {isa = PBXFileReference; explicitFileType = sourcecode.c.h; fileEncoding = 4; name = neon.h; path = include/glm/glm/simd/neon.h; sourceTree = SOURCE_ROOT; };
		80F32A74AEC54CBF86F28755 /* swapchain.h */ = {isa = PBXFileReference; explicitFileType = sourcecode.c.h; fileEncoding = 4; name = swapchain.h; path = include/swapchain.h; sourceTree = SOURCE_ROOT; };
		8788B573AC4841E292AB257A /* common.h */ = {isa = PBXFileReference; explicitFileType = sourcecode.c.h; fileEncoding = 4; name = common.h; path = include/glm/glm/simd/common.h; sourceTree = SOURCE_ROOT; };
		8869330C28724B69B0E92B81 /* CMakeLists.txt */ = {isa = PBXFileReference; explicitFileType = sourcecode.text; fileEncoding = 4; lastKnownFileType = text; path = CMakeLists.txt; sourceTree = SOURCE_ROOT; };
		8899F0E454FC4850ACBEE1EB /* neon.h */ = {isa = PBXFileReference; explicitFileType = sourcecode.c.h; fileEncoding = 4; name = neon.h; path = include/glm/simd/neon.h; sourceTree = SOURCE_ROOT; };
		89527C7D8CFA4FBD947F3627 /* integer.h */ = {isa = PBXFileReference; explicitFileType = sourcecode.c.h; fileEncoding = 4; name = integer.h; path = include/glm/simd/integer.h; sourceTree = SOURCE_ROOT; };
		8D82C66E79794AD48648EC96 /* Cocoa.framework */ = {isa = PBXFileReference; fileEncoding = 4; lastKnownFileType = wrapper.framework; name = Cocoa.framework; path = /Applications/Xcode.app/Contents/Developer/Platforms/MacOSX.platform/Developer/SDKs/MacOSX26.0.sdk/System/Library/Frameworks/Cocoa.framework; sourceTree = "<absolute>"; };
		930BB015AA444AC093A3C412 /* graphics-pipeline.cpp */ = {isa = PBXFileReference; explicitFileType = sourcecode.cpp.cpp; fileEncoding = 4; name = "graphics-pipeline.cpp"; path = "src/graphics-pipeline.cpp"; sourceTree = SOURCE_ROOT; };
		96DAC49D7AA34BB4A1B48AE5 /* device.cpp */ = {isa = PBXFileReference; explicitFileType = sourcecode.cpp.cpp; fileEncoding = 4; name = device.cpp; path = src/device.cpp; sourceTree = SOURCE_ROOT; };
		979E2181C74343BD8556BC28 /* glfw3native.h */ = {isa = PBXFileReference; explicitFileType = sourcecode.c.h; fileEncoding = 4; name = glfw3native.h; path = include/GLFW/glfw3native.h; sourceTree = SOURCE_ROOT; };
		9E45778C97354CE4A2BAD4D5 /* constants.h */ = {isa = PBXFileReference; explicitFileType = sourcecode.c.h; fileEncoding = 4; name = constants.h; path = include/constants.h; sourceTree = SOURCE_ROOT; };
		9FF6A8D39EA546DD832A8461 /* swapchain.cpp */ = {isa = PBXFileReference; explicitFileType = sourcecode.cpp.cpp; fileEncoding = 4; name = swapchain.cpp; path = src/swapchain.cpp; sourceTree = SOURCE_ROOT; };
		A3EA08D5E3C9435D9896344F /* platform.h */ = {isa = PBXFileReference; explicitFileType = sourcecode.c.h; fileEncoding = 4; name = platform.h; path = include/glm/simd/platform.h; sourceTree = SOURCE_ROOT; };
		AE6F638F3FEC48AEAAC49894 /* trigonometric.h */ = {isa = PBXFileReference; explicitFileType = sourcecode.c.h; fileEncoding = 4; name = trigonometric.h; path = include/glm/glm/simd/trigonometric.h; sourceTree = SOURCE_ROOT; };
		B92BF70717F74BDEBAFD0889 /* platform.h */ = {isa = PBXFileReference; explicitFileType = sourcecode.c.h; fileEncoding = 4; name = platform.h; path = include/glm/glm/simd/platform.h; sourceTree = SOURCE_ROOT; };
		BA48BBDB08D74CFA95FEF8F1 /* tiny_obj_loader.h */ = {isa = PBXFileReference; explicitFileType = sourcecode.c.h; fileEncoding = 4; name = tiny_obj_loader.h; path = include/tiny_obj_loader.h; sourceTree = SOURCE_ROOT; };
		BA9D2249260C4F07BC54F79A /* main.cpp */ = {isa = PBXFileReference; explicitFileType = sourcecode.cpp.cpp; fileEncoding = 4; name = main.cpp; path = src/main.cpp; sourceTree = SOURCE_ROOT; };
		BEE5F73A9DA54C05925BA875 /* integer.h */ = {isa = PBXFileReference; explicitFileType = sourcecode.c.h; fileEncoding = 4; name = integer.h; path = include/glm/glm/simd/integer.h; sourceTree = SOURCE_ROOT; };
		BEE841F6C36C4205ACCB8FD0 /* buffer.h */ = {isa = PBXFileReference; explicitFileType = sourcecode.c.h; fileEncoding = 4; name = buffer.h; path = include/buffer.h; sourceTree = SOURCE_ROOT; };
		CF73CD39E32441E693421B63 /* bulkin */ = {isa = PBXFileReference; explicitFileType = "compiled.mach-o.executable"; path = bulkin; sourceTree = BUILT_PRODUCTS_DIR; };
		D766BB36009747F182413EC8 /* CMakeLists.txt */ = {isa = PBXFileReference; explicitFileType = sourcecode.text; fileEncoding = 4; lastKnownFileType = text; path = CMakeLists.txt; sourceTree = SOURCE_ROOT; };
		E05F28FEAEBD4E2096D48491 /* vertex.h */ = {isa = PBXFileReference; explicitFileType = sourcecode.c.h; fileEncoding = 4; name = vertex.h; path = include/vertex.h; sourceTree = SOURCE_ROOT; };
		E2A9F19B6B004710B19BD988 /* exponential.h */ = {isa = PBXFileReference; explicitFileType = sourcecode.c.h; fileEncoding = 4; name = exponential.h; path = include/glm/simd/exponential.h; sourceTree = SOURCE_ROOT; };
		E731255C0DBF4C1A9729FA0F /* geometric.h */ = {isa = PBXFileReference; explicitFileType = sourcecode.c.h; fileEncoding = 4; name = geometric.h; path = include/glm/simd/geometric.h; sourceTree = SOURCE_ROOT; };
		EA4613E3B4324C798AA47638 /* common.h */ = {isa = PBXFileReference; explicitFileType = sourcecode.c.h; fileEncoding = 4; name = common.h; path = include/glm/simd/common.h; sourceTree = SOURCE_ROOT; };
		ECB922EF1A7D44B490B2F95C /* glfw3.h */ = {isa = PBXFileReference; explicitFileType = sourcecode.c.h; fileEncoding = 4; name = glfw3.h; path = include/GLFW/glfw3.h; sourceTree = SOURCE_ROOT; };
		EFAE376EBFAE46A0A45816D5 /* CoreVideo.framework */ = {isa = PBXFileReference; fileEncoding = 4; lastKnownFileType = wrapper.framework; name = CoreVideo.framework; path = /Applications/Xcode.app/Contents/Developer/Platforms/MacOSX.platform/Developer/SDKs/MacOSX26.0.sdk/System/Library/Frameworks/CoreVideo.framework; sourceTree = "<absolute>"; };
		F1E9D356E8794771966C1A68 /* vector_relational.h */ = {isa = PBXFileReference; explicitFileType = sourcecode.c.h; fileEncoding = 4; name = vector_relational.h; path = include/glm/simd/vector_relational.h; sourceTree = SOURCE_ROOT; };
		FADF244CE041487DBFE24C3A /* bulkin.cpp */ = {isa = PBXFileReference; explicitFileType = sourcecode.cpp.cpp; fileEncoding = 4; name = bulkin.cpp; path = src/bulkin.cpp; sourceTree = SOURCE_ROOT; };
/* End PBXFileReference section */

/* Begin PBXFrameworksBuildPhase section */
		ECE9200D562A4953A1580A33 /* Frameworks */ = {
			isa = PBXFrameworksBuildPhase;
			buildActionMask = 2147483647;
			files = (
			);
			runOnlyForDeploymentPostprocessing = 0;
		};
/* End PBXFrameworksBuildPhase section */

/* Begin PBXGroup section */
		176044AA2E1C48DFB30C4474 /* bulkin */ = {
			isa = PBXGroup;
			children = (
				D88B5975656548059D6674EA /* Source Files */,
				96C3533A8F1747D395E77A1A /* Header Files */,
				8869330C28724B69B0E92B81 /* CMakeLists.txt */,
			);
			name = bulkin;
			sourceTree = "<group>";
		};
		37635FE4FB3447E28C5E6837 /* Frameworks */ = {
			isa = PBXGroup;
			children = (
				8D82C66E79794AD48648EC96 /* Cocoa.framework */,
				18C5D71511D6403BB66A0A51 /* IOKit.framework */,
				EFAE376EBFAE46A0A45816D5 /* CoreVideo.framework */,
			);
			name = Frameworks;
			sourceTree = "<group>";
		};
		89A7A1E517974932A0B10203 /* ALL_BUILD */ = {
			isa = PBXGroup;
			children = (
				F03A4F177DED4DE09AA08914 /* CMake Rules */,
				D766BB36009747F182413EC8 /* CMakeLists.txt */,
			);
			name = ALL_BUILD;
			sourceTree = "<group>";
		};
		96C3533A8F1747D395E77A1A /* Header Files */ = {
			isa = PBXGroup;
			children = (
				ECB922EF1A7D44B490B2F95C /* glfw3.h */,
				979E2181C74343BD8556BC28 /* glfw3native.h */,
				BEE841F6C36C4205ACCB8FD0 /* buffer.h */,
				506B1A5446464FDBBC97FB09 /* bulkin.h */,
				9E45778C97354CE4A2BAD4D5 /* constants.h */,
				674241A3EFBB494EB85ACC32 /* device.h */,
				8788B573AC4841E292AB257A /* common.h */,
				628DF631187B40049605B7A3 /* exponential.h */,
				5B43A4E566A34D40B491757F /* geometric.h */,
				BEE5F73A9DA54C05925BA875 /* integer.h */,
				06BA52253E574491B1FED2A4 /* matrix.h */,
				807C76B77B2F4D608BABCE85 /* neon.h */,
				68760FD0F20C4848BCCBE6F5 /* packing.h */,
				B92BF70717F74BDEBAFD0889 /* platform.h */,
				AE6F638F3FEC48AEAAC49894 /* trigonometric.h */,
				6BAD3BC7D6654745BB75BAE8 /* vector_relational.h */,
				EA4613E3B4324C798AA47638 /* common.h */,
				E2A9F19B6B004710B19BD988 /* exponential.h */,
				E731255C0DBF4C1A9729FA0F /* geometric.h */,
				89527C7D8CFA4FBD947F3627 /* integer.h */,
				6B66BF35600E43E390541BDE /* matrix.h */,
				8899F0E454FC4850ACBEE1EB /* neon.h */,
				01A9BBB88ABD459091750B95 /* packing.h */,
				A3EA08D5E3C9435D9896344F /* platform.h */,
				6F12B706FE51473483A92CE6 /* trigonometric.h */,
				F1E9D356E8794771966C1A68 /* vector_relational.h */,
				47E2C9B38F944947AA276E8D /* graphics-pipeline.h */,
				4F669CAF1D1A441A96787894 /* queue-family.h */,
				5CF64C92A9CB4A238ECAB73A /* stb_image.h */,
				80F32A74AEC54CBF86F28755 /* swapchain.h */,
				BA48BBDB08D74CFA95FEF8F1 /* tiny_obj_loader.h */,
				E05F28FEAEBD4E2096D48491 /* vertex.h */,
			);
			name = "Header Files";
			sourceTree = "<group>";
		};
		B63E19CE681F4E98A0AD089C = {
			isa = PBXGroup;
			children = (
				176044AA2E1C48DFB30C4474 /* bulkin */,
				89A7A1E517974932A0B10203 /* ALL_BUILD */,
				C9353001C9EA4F41A9881FE2 /* Products */,
				37635FE4FB3447E28C5E6837 /* Frameworks */,
				DC41C3D1520B452F9E8AADB9 /* Resources */,
			);
			sourceTree = "<group>";
		};
		C9353001C9EA4F41A9881FE2 /* Products */ = {
			isa = PBXGroup;
			children = (
				CF73CD39E32441E693421B63 /* bulkin */,
			);
			name = Products;
			sourceTree = "<group>";
		};
		D88B5975656548059D6674EA /* Source Files */ = {
			isa = PBXGroup;
			children = (
				588444D3FAA54205A88230AF /* buffer.cpp */,
				FADF244CE041487DBFE24C3A /* bulkin.cpp */,
				96DAC49D7AA34BB4A1B48AE5 /* device.cpp */,
				930BB015AA444AC093A3C412 /* graphics-pipeline.cpp */,
				BA9D2249260C4F07BC54F79A /* main.cpp */,
				9FF6A8D39EA546DD832A8461 /* swapchain.cpp */,
			);
			name = "Source Files";
			sourceTree = "<group>";
		};
		DC41C3D1520B452F9E8AADB9 /* Resources */ = {
			isa = PBXGroup;
			children = (
			);
			name = Resources;
			sourceTree = "<group>";
		};
		F03A4F177DED4DE09AA08914 /* CMake Rules */ = {
			isa = PBXGroup;
			children = (
			);
			name = "CMake Rules";
			sourceTree = "<group>";
		};
/* End PBXGroup section */

/* Begin PBXNativeTarget section */
		F331DFE182800A842DCD4764 /* bulkin */ = {
			isa = PBXNativeTarget;
			buildConfigurationList = FCE1290A50EF4705AA2FA7B7 /* Build configuration list for PBXNativeTarget "bulkin" */;
			buildPhases = (
				0F03CE4A1BD44F05B1EC62EC /* Sources */,
				ECE9200D562A4953A1580A33 /* Frameworks */,
			);
			buildRules = (
			);
			dependencies = (
				24095BB99ECF448BBA01BFC5 /* PBXTargetDependency */,
			);
			name = bulkin;
			productName = bulkin;
			productReference = CF73CD39E32441E693421B63 /* bulkin */;
			productType = "com.apple.product-type.tool";
		};
/* End PBXNativeTarget section */

/* Begin PBXProject section */
		A699C144BB7F48C299996A6B /* Project object */ = {
			isa = PBXProject;
			attributes = {
				LastUpgradeCheck = 2600;
			};
			buildConfigurationList = 9ACBEEF9773A4954A1EDD501 /* Build configuration list for PBXProject "bulkin" */;
			compatibilityVersion = "Xcode 3.2";
			developmentRegion = en;
			hasScannedForEncodings = 0;
			knownRegions = (
				en,
				Base,
			);
			mainGroup = B63E19CE681F4E98A0AD089C;
			projectDirPath = /Users/matty/projects/bulkin;
			projectRoot = "";
			targets = (
				A2EB195A8839307B20C5D5A4 /* ALL_BUILD */,
				F331DFE182800A842DCD4764 /* bulkin */,
				98278D2D2E5572A036D08BE4 /* ZERO_CHECK */,
			);
		};
/* End PBXProject section */

/* Begin PBXShellScriptBuildPhase section */
		01C75D6855374EF69C64A4CC /* Generate CMakeFiles/ALL_BUILD */ = {
			isa = PBXShellScriptBuildPhase;
			alwaysOutOfDate = 1;
			buildActionMask = 2147483647;
			files = (
			);
			inputPaths = (
			);
			name = "Generate CMakeFiles/ALL_BUILD";
			outputPaths = (
				"/Users/matty/projects/bulkin/build-xcode/CMakeFiles/ALL_BUILD",
			);
			runOnlyForDeploymentPostprocessing = 0;
			shellPath = /bin/sh;
			shellScript = "set -e\nif test \"$CONFIGURATION\" = \"Debug\"; then :\n  cd /Users/matty/projects/bulkin/build-xcode\n  echo Build\\ all\\ projects\nfi\nif test \"$CONFIGURATION\" = \"Release\"; then :\n  cd /Users/matty/projects/bulkin/build-xcode\n  echo Build\\ all\\ projects\nfi\nif test \"$CONFIGURATION\" = \"MinSizeRel\"; then :\n  cd /Users/matty/projects/bulkin/build-xcode\n  echo Build\\ all\\ projects\nfi\nif test \"$CONFIGURATION\" = \"RelWithDebInfo\"; then :\n  cd /Users/matty/projects/bulkin/build-xcode\n  echo Build\\ all\\ projects\nfi\n";
			showEnvVarsInLog = 0;
		};
		3EE3CCE21C99319531230F75 /* Generate CMakeFiles/ZERO_CHECK */ = {
			isa = PBXShellScriptBuildPhase;
			alwaysOutOfDate = 1;
			buildActionMask = 2147483647;
			files = (
			);
			inputPaths = (
			);
			name = "Generate CMakeFiles/ZERO_CHECK";
			outputPaths = (
				"/Users/matty/projects/bulkin/build-xcode/CMakeFiles/ZERO_CHECK",
			);
			runOnlyForDeploymentPostprocessing = 0;
			shellPath = /bin/sh;
			shellScript = "set -e\nif test \"$CONFIGURATION\" = \"Debug\"; then :\n  cd /Users/matty/projects/bulkin/build-xcode\n  make -f /Users/matty/projects/bulkin/build-xcode/CMakeScripts/ReRunCMake.make\nfi\nif test \"$CONFIGURATION\" = \"Release\"; then :\n  cd /Users/matty/projects/bulkin/build-xcode\n  make -f /Users/matty/projects/bulkin/build-xcode/CMakeScripts/ReRunCMake.make\nfi\nif test \"$CONFIGURATION\" = \"MinSizeRel\"; then :\n  cd /Users/matty/projects/bulkin/build-xcode\n  make -f /Users/matty/projects/bulkin/build-xcode/CMakeScripts/ReRunCMake.make\nfi\nif test \"$CONFIGURATION\" = \"RelWithDebInfo\"; then :\n  cd /Users/matty/projects/bulkin/build-xcode\n  make -f /Users/matty/projects/bulkin/build-xcode/CMakeScripts/ReRunCMake.make\nfi\n";
			showEnvVarsInLog = 0;
		};
/* End PBXShellScriptBuildPhase section */

/* Begin PBXSourcesBuildPhase section */
		0F03CE4A1BD44F05B1EC62EC /* Sources */ = {
			isa = PBXSourcesBuildPhase;
			buildActionMask = 2147483647;
			files = (
				9166C0475801400E9B82BA74 /* buffer.cpp in Sources */,
				69ECBBCE82A34623813ECD16 /* bulkin.cpp in Sources */,
				C57F98FE57F44063AAA5D5AF /* device.cpp in Sources */,
				184E9B754A574A74A9BFE4E5 /* graphics-pipeline.cpp in Sources */,
				8683E201061E4DADB20C4A7E /* main.cpp in Sources */,
				9B637444704549F5B65B1B0F /* swapchain.cpp in Sources */,
			);
			runOnlyForDeploymentPostprocessing = 0;
		};
/* End PBXSourcesBuildPhase section */

/* Begin PBXTargetDependency section */
		10B37799A68447F3BF338194 /* PBXTargetDependency */ = {
			isa = PBXTargetDependency;
			target = F331DFE182800A842DCD4764 /* bulkin */;
			targetProxy = B20B828A98DB4F838B1095F8 /* PBXContainerItemProxy */;
		};
		24095BB99ECF448BBA01BFC5 /* PBXTargetDependency */ = {
			isa = PBXTargetDependency;
			target = 98278D2D2E5572A036D08BE4 /* ZERO_CHECK */;
			targetProxy = E9AA38DCD5F54B0BA41BAD0A /* PBXContainerItemProxy */;
		};
		E3717EA69DB444408B3E972C /* PBXTargetDependency */ = {
			isa = PBXTargetDependency;
			target = 98278D2D2E5572A036D08BE4 /* ZERO_CHECK */;
			targetProxy = 7AC663EA8EF7455696A50F36 /* PBXContainerItemProxy */;
		};
/* End PBXTargetDependency section */

/* Begin XCBuildConfiguration section */
		28FA9C56BFEF49C495C76483 /* MinSizeRel */ = {
			isa = XCBuildConfiguration;
			buildSettings = {
				ARCHS = arm64;
				SDKROOT = "";
				SWIFT_COMPILATION_MODE = wholemodule;
				SYMROOT = "/Users/matty/projects/bulkin/build-xcode/build";
			};
			name = MinSizeRel;
		};
		2EDC683B92C24339B9F82756 /* MinSizeRel */ = {
			isa = XCBuildConfiguration;
			buildSettings = {
				ALWAYS_SEARCH_USER_PATHS = NO;
				ARCHS = arm64;
				COMBINE_HIDPI_IMAGES = YES;
				CONFIGURATION_BUILD_DIR = "/Users/matty/projects/bulkin/build-xcode/MinSizeRel";
				EXECUTABLE_PREFIX = "";
				EXECUTABLE_SUFFIX = "";
				FRAMEWORK_SEARCH_PATHS = (
					/Applications/Xcode.app/Contents/Developer/Platforms/MacOSX.platform/Developer/SDKs/MacOSX26.0.sdk/System/Library/Frameworks,
					"$(inherited)",
				);
				GCC_GENERATE_DEBUGGING_SYMBOLS = YES;
				GCC_INLINES_ARE_PRIVATE_EXTERN = NO;
				GCC_OPTIMIZATION_LEVEL = s;
				GCC_PREPROCESSOR_DEFINITIONS = (
					"'CMAKE_INTDIR=\"$(CONFIGURATION)$(EFFECTIVE_PLATFORM_NAME)\"'",
					"$(inherited)",
				);
				GCC_SYMBOLS_PRIVATE_EXTERN = NO;
				HEADER_SEARCH_PATHS = (
					/Users/matty/projects/bulkin/include,
					"$(inherited)",
				);
				INSTALL_PATH = "";
				LD_RUNPATH_SEARCH_PATHS = (
					/Users/matty/VulkanSDK/default/macOS/lib,
					"$(inherited)",
				);
				ONLY_ACTIVE_ARCH = NO;
				OTHER_CPLUSPLUSFLAGS = (
					"-DNDEBUG",
					"'-std=gnu++2b'",
					"-Wall",
					"-Wextra",
				);
				OTHER_LDFLAGS = (
					"-Wl,-search_paths_first",
					"-Wl,-headerpad_max_install_names",
					"-framework",
					Cocoa,
					"-framework",
					IOKit,
					"-framework",
					CoreVideo,
					/Users/matty/projects/bulkin/thirdParty/libglfw3.a,
					/Users/matty/VulkanSDK/default/macOS/lib/libvulkan.dylib,
					"$(inherited)",
				);
				OTHER_REZFLAGS = "";
				PRODUCT_NAME = bulkin;
				SECTORDER_FLAGS = "";
				SYSTEM_HEADER_SEARCH_PATHS = (
					/Users/matty/vulkanSDK/default/macOS/include,
					"$(inherited)",
				);
				TARGET_TEMP_DIR = "/Users/matty/projects/bulkin/build-xcode/build/bulkin.build/$(CONFIGURATION)$(EFFECTIVE_PLATFORM_NAME)";
				USE_HEADERMAP = NO;
				WARNING_CFLAGS = "$(inherited)";
			};
			name = MinSizeRel;
		};
		462EF0CA4F204C66BADF5D4B /* Debug */ = {
			isa = XCBuildConfiguration;
			buildSettings = {
				ALWAYS_SEARCH_USER_PATHS = NO;
				ARCHS = arm64;
				COMBINE_HIDPI_IMAGES = YES;
				GCC_GENERATE_DEBUGGING_SYMBOLS = YES;
				GCC_INLINES_ARE_PRIVATE_EXTERN = NO;
				GCC_OPTIMIZATION_LEVEL = 0;
				GCC_PREPROCESSOR_DEFINITIONS = (
					"'CMAKE_INTDIR=\"$(CONFIGURATION)$(EFFECTIVE_PLATFORM_NAME)\"'",
					"$(inherited)",
				);
				GCC_SYMBOLS_PRIVATE_EXTERN = NO;
				INSTALL_PATH = "";
				ONLY_ACTIVE_ARCH = NO;
				OTHER_LDFLAGS = " $(inherited)";
				OTHER_REZFLAGS = "";
				PRODUCT_NAME = ZERO_CHECK;
				SECTORDER_FLAGS = "";
				USE_HEADERMAP = NO;
				WARNING_CFLAGS = "$(inherited)";
			};
			name = Debug;
		};
		4CAE6528D8D34E978662686F /* MinSizeRel */ = {
			isa = XCBuildConfiguration;
			buildSettings = {
				ALWAYS_SEARCH_USER_PATHS = NO;
				ARCHS = arm64;
				COMBINE_HIDPI_IMAGES = YES;
				GCC_GENERATE_DEBUGGING_SYMBOLS = YES;
				GCC_INLINES_ARE_PRIVATE_EXTERN = NO;
				GCC_OPTIMIZATION_LEVEL = 0;
				GCC_PREPROCESSOR_DEFINITIONS = (
					"'CMAKE_INTDIR=\"$(CONFIGURATION)$(EFFECTIVE_PLATFORM_NAME)\"'",
					"$(inherited)",
				);
				GCC_SYMBOLS_PRIVATE_EXTERN = NO;
				INSTALL_PATH = "";
				ONLY_ACTIVE_ARCH = NO;
				OTHER_LDFLAGS = " $(inherited)";
				OTHER_REZFLAGS = "";
				PRODUCT_NAME = ALL_BUILD;
				SECTORDER_FLAGS = "";
				USE_HEADERMAP = NO;
				WARNING_CFLAGS = "$(inherited)";
			};
			name = MinSizeRel;
		};
		505EA502B6FC4AF98DC00BF6 /* Release */ = {
			isa = XCBuildConfiguration;
			buildSettings = {
				ALWAYS_SEARCH_USER_PATHS = NO;
				ARCHS = arm64;
				COMBINE_HIDPI_IMAGES = YES;
				GCC_GENERATE_DEBUGGING_SYMBOLS = YES;
				GCC_INLINES_ARE_PRIVATE_EXTERN = NO;
				GCC_OPTIMIZATION_LEVEL = 0;
				GCC_PREPROCESSOR_DEFINITIONS = (
					"'CMAKE_INTDIR=\"$(CONFIGURATION)$(EFFECTIVE_PLATFORM_NAME)\"'",
					"$(inherited)",
				);
				GCC_SYMBOLS_PRIVATE_EXTERN = NO;
				INSTALL_PATH = "";
				ONLY_ACTIVE_ARCH = NO;
				OTHER_LDFLAGS = " $(inherited)";
				OTHER_REZFLAGS = "";
				PRODUCT_NAME = ZERO_CHECK;
				SECTORDER_FLAGS = "";
				USE_HEADERMAP = NO;
				WARNING_CFLAGS = "$(inherited)";
			};
			name = Release;
		};
		53847668278D43139B0604D1 /* Debug */ = {
			isa = XCBuildConfiguration;
			buildSettings = {
				ALWAYS_SEARCH_USER_PATHS = NO;
				ARCHS = arm64;
				COMBINE_HIDPI_IMAGES = YES;
				GCC_GENERATE_DEBUGGING_SYMBOLS = YES;
				GCC_INLINES_ARE_PRIVATE_EXTERN = NO;
				GCC_OPTIMIZATION_LEVEL = 0;
				GCC_PREPROCESSOR_DEFINITIONS = (
					"'CMAKE_INTDIR=\"$(CONFIGURATION)$(EFFECTIVE_PLATFORM_NAME)\"'",
					"$(inherited)",
				);
				GCC_SYMBOLS_PRIVATE_EXTERN = NO;
				INSTALL_PATH = "";
				ONLY_ACTIVE_ARCH = NO;
				OTHER_LDFLAGS = " $(inherited)";
				OTHER_REZFLAGS = "";
				PRODUCT_NAME = ALL_BUILD;
				SECTORDER_FLAGS = "";
				USE_HEADERMAP = NO;
				WARNING_CFLAGS = "$(inherited)";
			};
			name = Debug;
		};
		706D679F1D2048568C1D2F12 /* Release */ = {
			isa = XCBuildConfiguration;
			buildSettings = {
				ALWAYS_SEARCH_USER_PATHS = NO;
				ARCHS = arm64;
				COMBINE_HIDPI_IMAGES = YES;
				CONFIGURATION_BUILD_DIR = "/Users/matty/projects/bulkin/build-xcode/Release";
				EXECUTABLE_PREFIX = "";
				EXECUTABLE_SUFFIX = "";
				FRAMEWORK_SEARCH_PATHS = (
					/Applications/Xcode.app/Contents/Developer/Platforms/MacOSX.platform/Developer/SDKs/MacOSX26.0.sdk/System/Library/Frameworks,
					"$(inherited)",
				);
				GCC_GENERATE_DEBUGGING_SYMBOLS = YES;
				GCC_INLINES_ARE_PRIVATE_EXTERN = NO;
				GCC_OPTIMIZATION_LEVEL = 3;
				GCC_PREPROCESSOR_DEFINITIONS = (
					"'CMAKE_INTDIR=\"$(CONFIGURATION)$(EFFECTIVE_PLATFORM_NAME)\"'",
					"$(inherited)",
				);
				GCC_SYMBOLS_PRIVATE_EXTERN = NO;
				HEADER_SEARCH_PATHS = (
					/Users/matty/projects/bulkin/include,
					"$(inherited)",
				);
				INSTALL_PATH = "";
				LD_RUNPATH_SEARCH_PATHS = (
					/Users/matty/VulkanSDK/default/macOS/lib,
					"$(inherited)",
				);
				ONLY_ACTIVE_ARCH = NO;
				OTHER_CPLUSPLUSFLAGS = (
					"-DNDEBUG",
					"'-std=gnu++2b'",
					"-Wall",
					"-Wextra",
				);
				OTHER_LDFLAGS = (
					"-Wl,-search_paths_first",
					"-Wl,-headerpad_max_install_names",
					"-framework",
					Cocoa,
					"-framework",
					IOKit,
					"-framework",
					CoreVideo,
					/Users/matty/projects/bulkin/thirdParty/libglfw3.a,
					/Users/matty/VulkanSDK/default/macOS/lib/libvulkan.dylib,
					"$(inherited)",
				);
				OTHER_REZFLAGS = "";
				PRODUCT_NAME = bulkin;
				SECTORDER_FLAGS = "";
				SYSTEM_HEADER_SEARCH_PATHS = (
					/Users/matty/vulkanSDK/default/macOS/include,
					"$(inherited)",
				);
				TARGET_TEMP_DIR = "/Users/matty/projects/bulkin/build-xcode/build/bulkin.build/$(CONFIGURATION)$(EFFECTIVE_PLATFORM_NAME)";
				USE_HEADERMAP = NO;
				WARNING_CFLAGS = "$(inherited)";
			};
			name = Release;
		};
		7A97B2E3CB8A466FAAFC3855 /* Release */ = {
			isa = XCBuildConfiguration;
			buildSettings = {
				ARCHS = arm64;
				SDKROOT = "";
				SWIFT_COMPILATION_MODE = wholemodule;
				SYMROOT = "/Users/matty/projects/bulkin/build-xcode/build";
			};
			name = Release;
		};
		94D57BF627514AF5A35F78C9 /* RelWithDebInfo */ = {
			isa = XCBuildConfiguration;
			buildSettings = {
				ALWAYS_SEARCH_USER_PATHS = NO;
				ARCHS = arm64;
				COMBINE_HIDPI_IMAGES = YES;
				GCC_GENERATE_DEBUGGING_SYMBOLS = YES;
				GCC_INLINES_ARE_PRIVATE_EXTERN = NO;
				GCC_OPTIMIZATION_LEVEL = 0;
				GCC_PREPROCESSOR_DEFINITIONS = (
					"'CMAKE_INTDIR=\"$(CONFIGURATION)$(EFFECTIVE_PLATFORM_NAME)\"'",
					"$(inherited)",
				);
				GCC_SYMBOLS_PRIVATE_EXTERN = NO;
				INSTALL_PATH = "";
				ONLY_ACTIVE_ARCH = NO;
				OTHER_LDFLAGS = " $(inherited)";
				OTHER_REZFLAGS = "";
				PRODUCT_NAME = ALL_BUILD;
				SECTORDER_FLAGS = "";
				USE_HEADERMAP = NO;
				WARNING_CFLAGS = "$(inherited)";
			};
			name = RelWithDebInfo;
		};
		956D4737CC3C4792B5DE183C /* Debug */ = {
			isa = XCBuildConfiguration;
			buildSettings = {
				ARCHS = arm64;
				SDKROOT = "";
				SYMROOT = "/Users/matty/projects/bulkin/build-xcode/build";
			};
			name = Debug;
		};
		ADD1CE21199943B2A400FFA8 /* RelWithDebInfo */ = {
			isa = XCBuildConfiguration;
			buildSettings = {
				ARCHS = arm64;
				SDKROOT = "";
				SWIFT_COMPILATION_MODE = wholemodule;
				SYMROOT = "/Users/matty/projects/bulkin/build-xcode/build";
			};
			name = RelWithDebInfo;
		};
		BD28EBF237C44EBCA95455EA /* RelWithDebInfo */ = {
			isa = XCBuildConfiguration;
			buildSettings = {
				ALWAYS_SEARCH_USER_PATHS = NO;
				ARCHS = arm64;
				COMBINE_HIDPI_IMAGES = YES;
				GCC_GENERATE_DEBUGGING_SYMBOLS = YES;
				GCC_INLINES_ARE_PRIVATE_EXTERN = NO;
				GCC_OPTIMIZATION_LEVEL = 0;
				GCC_PREPROCESSOR_DEFINITIONS = (
					"'CMAKE_INTDIR=\"$(CONFIGURATION)$(EFFECTIVE_PLATFORM_NAME)\"'",
					"$(inherited)",
				);
				GCC_SYMBOLS_PRIVATE_EXTERN = NO;
				INSTALL_PATH = "";
				ONLY_ACTIVE_ARCH = NO;
				OTHER_LDFLAGS = " $(inherited)";
				OTHER_REZFLAGS = "";
				PRODUCT_NAME = ZERO_CHECK;
				SECTORDER_FLAGS = "";
				USE_HEADERMAP = NO;
				WARNING_CFLAGS = "$(inherited)";
			};
			name = RelWithDebInfo;
		};
		E626913B95E344B4B4668B80 /* MinSizeRel */ = {
			isa = XCBuildConfiguration;
			buildSettings = {
				ALWAYS_SEARCH_USER_PATHS = NO;
				ARCHS = arm64;
				COMBINE_HIDPI_IMAGES = YES;
				GCC_GENERATE_DEBUGGING_SYMBOLS = YES;
				GCC_INLINES_ARE_PRIVATE_EXTERN = NO;
				GCC_OPTIMIZATION_LEVEL = 0;
				GCC_PREPROCESSOR_DEFINITIONS = (
					"'CMAKE_INTDIR=\"$(CONFIGURATION)$(EFFECTIVE_PLATFORM_NAME)\"'",
					"$(inherited)",
				);
				GCC_SYMBOLS_PRIVATE_EXTERN = NO;
				INSTALL_PATH = "";
				ONLY_ACTIVE_ARCH = NO;
				OTHER_LDFLAGS = " $(inherited)";
				OTHER_REZFLAGS = "";
				PRODUCT_NAME = ZERO_CHECK;
				SECTORDER_FLAGS = "";
				USE_HEADERMAP = NO;
				WARNING_CFLAGS = "$(inherited)";
			};
			name = MinSizeRel;
		};
		E87A079F901D4DC1BF067FD6 /* RelWithDebInfo */ = {
			isa = XCBuildConfiguration;
			buildSettings = {
				ALWAYS_SEARCH_USER_PATHS = NO;
				ARCHS = arm64;
				COMBINE_HIDPI_IMAGES = YES;
				CONFIGURATION_BUILD_DIR = "/Users/matty/projects/bulkin/build-xcode/RelWithDebInfo";
				EXECUTABLE_PREFIX = "";
				EXECUTABLE_SUFFIX = "";
				FRAMEWORK_SEARCH_PATHS = (
					/Applications/Xcode.app/Contents/Developer/Platforms/MacOSX.platform/Developer/SDKs/MacOSX26.0.sdk/System/Library/Frameworks,
					"$(inherited)",
				);
				GCC_GENERATE_DEBUGGING_SYMBOLS = YES;
				GCC_INLINES_ARE_PRIVATE_EXTERN = NO;
				GCC_OPTIMIZATION_LEVEL = 2;
				GCC_PREPROCESSOR_DEFINITIONS = (
					"'CMAKE_INTDIR=\"$(CONFIGURATION)$(EFFECTIVE_PLATFORM_NAME)\"'",
					"$(inherited)",
				);
				GCC_SYMBOLS_PRIVATE_EXTERN = NO;
				HEADER_SEARCH_PATHS = (
					/Users/matty/projects/bulkin/include,
					"$(inherited)",
				);
				INSTALL_PATH = "";
				LD_RUNPATH_SEARCH_PATHS = (
					/Users/matty/VulkanSDK/default/macOS/lib,
					"$(inherited)",
				);
				ONLY_ACTIVE_ARCH = NO;
				OTHER_CPLUSPLUSFLAGS = (
					"-DNDEBUG",
					"'-std=gnu++2b'",
					"-Wall",
					"-Wextra",
				);
				OTHER_LDFLAGS = (
					"-Wl,-search_paths_first",
					"-Wl,-headerpad_max_install_names",
					"-framework",
					Cocoa,
					"-framework",
					IOKit,
					"-framework",
					CoreVideo,
					/Users/matty/projects/bulkin/thirdParty/libglfw3.a,
					/Users/matty/VulkanSDK/default/macOS/lib/libvulkan.dylib,
					"$(inherited)",
				);
				OTHER_REZFLAGS = "";
				PRODUCT_NAME = bulkin;
				SECTORDER_FLAGS = "";
				SYSTEM_HEADER_SEARCH_PATHS = (
					/Users/matty/vulkanSDK/default/macOS/include,
					"$(inherited)",
				);
				TARGET_TEMP_DIR = "/Users/matty/projects/bulkin/build-xcode/build/bulkin.build/$(CONFIGURATION)$(EFFECTIVE_PLATFORM_NAME)";
				USE_HEADERMAP = NO;
				WARNING_CFLAGS = "$(inherited)";
			};
			name = RelWithDebInfo;
		};
		EFD4C9D5FA7F4251AE270B35 /* Release */ = {
			isa = XCBuildConfiguration;
			buildSettings = {
				ALWAYS_SEARCH_USER_PATHS = NO;
				ARCHS = arm64;
				COMBINE_HIDPI_IMAGES = YES;
				GCC_GENERATE_DEBUGGING_SYMBOLS = YES;
				GCC_INLINES_ARE_PRIVATE_EXTERN = NO;
				GCC_OPTIMIZATION_LEVEL = 0;
				GCC_PREPROCESSOR_DEFINITIONS = (
					"'CMAKE_INTDIR=\"$(CONFIGURATION)$(EFFECTIVE_PLATFORM_NAME)\"'",
					"$(inherited)",
				);
				GCC_SYMBOLS_PRIVATE_EXTERN = NO;
				INSTALL_PATH = "";
				ONLY_ACTIVE_ARCH = NO;
				OTHER_LDFLAGS = " $(inherited)";
				OTHER_REZFLAGS = "";
				PRODUCT_NAME = ALL_BUILD;
				SECTORDER_FLAGS = "";
				USE_HEADERMAP = NO;
				WARNING_CFLAGS = "$(inherited)";
			};
			name = Release;
		};
		F04459BEC99B41F48515198B /* Debug */ = {
			isa = XCBuildConfiguration;
			buildSettings = {
				ALWAYS_SEARCH_USER_PATHS = NO;
				ARCHS = arm64;
				COMBINE_HIDPI_IMAGES = YES;
				CONFIGURATION_BUILD_DIR = "/Users/matty/projects/bulkin/build-xcode/Debug";
				EXECUTABLE_PREFIX = "";
				EXECUTABLE_SUFFIX = "";
				FRAMEWORK_SEARCH_PATHS = (
					/Applications/Xcode.app/Contents/Developer/Platforms/MacOSX.platform/Developer/SDKs/MacOSX26.0.sdk/System/Library/Frameworks,
					"$(inherited)",
				);
				GCC_GENERATE_DEBUGGING_SYMBOLS = YES;
				GCC_INLINES_ARE_PRIVATE_EXTERN = NO;
				GCC_OPTIMIZATION_LEVEL = 0;
				GCC_PREPROCESSOR_DEFINITIONS = (
					"'CMAKE_INTDIR=\"$(CONFIGURATION)$(EFFECTIVE_PLATFORM_NAME)\"'",
					"$(inherited)",
				);
				GCC_SYMBOLS_PRIVATE_EXTERN = NO;
				HEADER_SEARCH_PATHS = (
					/Users/matty/projects/bulkin/include,
					"$(inherited)",
				);
				INSTALL_PATH = "";
				LD_RUNPATH_SEARCH_PATHS = (
					/Users/matty/VulkanSDK/default/macOS/lib,
					"$(inherited)",
				);
				ONLY_ACTIVE_ARCH = NO;
				OTHER_CPLUSPLUSFLAGS = (
					"'-std=gnu++2b'",
					"-Wall",
					"-Wextra",
				);
				OTHER_LDFLAGS = (
					"-Wl,-search_paths_first",
					"-Wl,-headerpad_max_install_names",
					"-framework",
					Cocoa,
					"-framework",
					IOKit,
					"-framework",
					CoreVideo,
					/Users/matty/projects/bulkin/thirdParty/libglfw3.a,
					/Users/matty/VulkanSDK/default/macOS/lib/libvulkan.dylib,
					"$(inherited)",
				);
				OTHER_REZFLAGS = "";
				PRODUCT_NAME = bulkin;
				SECTORDER_FLAGS = "";
				SYSTEM_HEADER_SEARCH_PATHS = (
					/Users/matty/vulkanSDK/default/macOS/include,
					"$(inherited)",
				);
				TARGET_TEMP_DIR = "/Users/matty/projects/bulkin/build-xcode/build/bulkin.build/$(CONFIGURATION)$(EFFECTIVE_PLATFORM_NAME)";
				USE_HEADERMAP = NO;
				WARNING_CFLAGS = "$(inherited)";
			};
			name = Debug;
		};
/* End XCBuildConfiguration section */

/* Begin XCConfigurationList section */
		083B49E50BFB49C2A20F3150 /* Build configuration list for PBXAggregateTarget "ZERO_CHECK" */ = {
			isa = XCConfigurationList;
			buildConfigurations = (
				462EF0CA4F204C66BADF5D4B /* Debug */,
				505EA502B6FC4AF98DC00BF6 /* Release */,
				E626913B95E344B4B4668B80 /* MinSizeRel */,
				BD28EBF237C44EBCA95455EA /* RelWithDebInfo */,
			);
			defaultConfigurationIsVisible = 0;
			defaultConfigurationName = Debug;
		};
		1AC0872C7FED44C2AF7457BF /* Build configuration list for PBXAggregateTarget "ALL_BUILD" */ = {
			isa = XCConfigurationList;
			buildConfigurations = (
				53847668278D43139B0604D1 /* Debug */,
				EFD4C9D5FA7F4251AE270B35 /* Release */,
				4CAE6528D8D34E978662686F /* MinSizeRel */,
				94D57BF627514AF5A35F78C9 /* RelWithDebInfo */,
			);
			defaultConfigurationIsVisible = 0;
			defaultConfigurationName = Debug;
		};
		9ACBEEF9773A4954A1EDD501 /* Build configuration list for PBXProject "bulkin" */ = {
			isa = XCConfigurationList;
			buildConfigurations = (
				956D4737CC3C4792B5DE183C /* Debug */,
				7A97B2E3CB8A466FAAFC3855 /* Release */,
				28FA9C56BFEF49C495C76483 /* MinSizeRel */,
				ADD1CE21199943B2A400FFA8 /* RelWithDebInfo */,
			);
			defaultConfigurationIsVisible = 0;
			defaultConfigurationName = Debug;
		};
		FCE1290A50EF4705AA2FA7B7 /* Build configuration list for PBXNativeTarget "bulkin" */ = {
			isa = XCConfigurationList;
			buildConfigurations = (
				F04459BEC99B41F48515198B /* Debug */,
				706D679F1D2048568C1D2F12 /* Release */,
				2EDC683B92C24339B9F82756 /* MinSizeRel */,
				E87A079F901D4DC1BF067FD6 /* RelWithDebInfo */,
			);
			defaultConfigurationIsVisible = 0;
			defaultConfigurationName = Debug;
		};
/* End XCConfigurationList section */
	};
	rootObject = A699C144BB7F48C299996A6B /* Project object */;
}
